{
  "version": 1,
  "dependencies": {
    "net9.0": {
      "Microsoft.AspNetCore.OData": {
        "type": "Transitive",
        "resolved": "9.1.1",
        "contentHash": "if1N+q3dTgUbUZ4KjLXCHYDQLKEEv0gpx8dLaSRp2StrYuWcRVCKjncI7fPcndFkt/nEJcIYzNKxtws4L5OO8Q==",
        "dependencies": {
          "Microsoft.OData.Core": "[8.2.2, 9.0.0)",
          "Microsoft.OData.Edm": "[8.2.2, 9.0.0)",
          "Microsoft.OData.ModelBuilder": "[2.0.0, 3.0.0)",
          "Microsoft.Spatial": "[8.2.2, 9.0.0)"
        }
      },
      "Microsoft.Bcl.AsyncInterfaces": {
        "type": "Transitive",
        "resolved": "8.0.0",
        "contentHash": "3WA9q9yVqJp222P3x1wYIGDAkpjAku0TMUaaQV22g6L67AI0LdOIrVS7Ht2vJfLHGSPVuqN94vIr15qn+HEkHw=="
      },
      "Microsoft.Extensions.DependencyInjection.Abstractions": {
        "type": "Transitive",
        "resolved": "9.0.0",
        "contentHash": "+6f2qv2a3dLwd5w6JanPIPs47CxRbnk+ZocMJUhv9NxP88VlOcJYZs9jY+MYSjxvady08bUZn6qgiNh7DadGgg=="
      },
      "Microsoft.Extensions.ObjectPool": {
        "type": "Transitive",
        "resolved": "6.0.3",
        "contentHash": "IbQUEZr/LxxpPxkXDmKaemMeQNPjdHfk87HtTsI18a3RVgad0NOJSRaJ20hcesqL45PLcpQHR8xrPP7wZKbFQQ=="
      },
      "Microsoft.OData.Core": {
        "type": "Transitive",
        "resolved": "8.2.2",
        "contentHash": "VY3sZzBOxePvRuCeBlEiJ2LNxjr8ReOKj6YWXi5i8vG3TLWo+CmIc9fiE8WDoe90NcCaBnwK6Ub2fWnpNEbLxA==",
        "dependencies": {
          "Microsoft.Bcl.AsyncInterfaces": "8.0.0",
          "Microsoft.Extensions.ObjectPool": "6.0.3",
          "Microsoft.OData.Edm": "[8.2.2]",
          "Microsoft.Spatial": "[8.2.2]"
        }
      },
      "Microsoft.OData.Edm": {
        "type": "Transitive",
        "resolved": "8.2.2",
        "contentHash": "cHMsoV059EPNLD+SJFxIM8rKLUA3kKifflfUQy+7hWKZpmw+YhLi7qeWSSA9UDRVd0sqApFU8gdqHjordJoTIg==",
        "dependencies": {
          "System.Runtime.CompilerServices.Unsafe": "4.6.0",
          "System.Text.Encodings.Web": "4.7.2",
          "System.Text.Json": "4.6.0"
        }
      },
      "Microsoft.OData.ModelBuilder": {
        "type": "Transitive",
        "resolved": "2.0.0",
        "contentHash": "QzySAMGhLCMyLNHSTIYKFjJXetoDeGkRS/7JEjm7eMJlyu1Qv4MfL1CXQFg2uijizNu2jQojT0mdCpawXbyv8Q==",
        "dependencies": {
          "Microsoft.OData.Edm": "[8.0.0, 9.0.0)",
          "Microsoft.Spatial": "[8.0.0, 9.0.0)",
          "System.ComponentModel.Annotations": "4.6.0"
        }
      },
      "Microsoft.Spatial": {
        "type": "Transitive",
        "resolved": "8.2.2",
        "contentHash": "iG0pF7o7bR9/J+WcSNGEW0DzewO8Te/T+5FJ9EIuXcPkVE96cqc6Cf57ygqlQZj5jmf+D/gOtBJjPc4iyeI0Aw=="
      },
      "System.ComponentModel.Annotations": {
        "type": "Transitive",
        "resolved": "4.6.0",
        "contentHash": "pOd+UhZ3X8xfwKDlgAzowUJNjp8VYVmOHZm++vCd0kq1HZ0zK3mNo2yRXjYgv7Ik/Xi43fmJfND2PLEsQSALCg=="
      },
      "System.Runtime.CompilerServices.Unsafe": {
        "type": "Transitive",
        "resolved": "4.6.0",
        "contentHash": "HxozeSlipUK7dAroTYwIcGwKDeOVpQnJlpVaOkBz7CM4TsE5b/tKlQBZecTjh6FzcSbxndYaxxpsBMz+wMJeyw=="
      },
      "System.Text.Encodings.Web": {
        "type": "Transitive",
        "resolved": "4.7.2",
        "contentHash": "iTUgB/WtrZ1sWZs84F2hwyQhiRH6QNjQv2DkwrH+WP6RoFga2Q1m3f9/Q7FG8cck8AdHitQkmkXSY8qylcDmuA=="
      },
      "System.Text.Json": {
        "type": "Transitive",
        "resolved": "4.6.0",
        "contentHash": "4F8Xe+JIkVoDJ8hDAZ7HqLkjctN/6WItJIzQaifBwClC7wmoLSda/Sv2i6i1kycqDb3hWF4JCVbpAweyOKHEUA=="
      },
      "retailportal.model": {
        "type": "Project",
        "dependencies": {
          "Microsoft.AspNetCore.OData": "[9.1.1, )",
          "Microsoft.Extensions.DependencyInjection.Abstractions": "[9.0.0, )"
        }
      }
    }
  }
}